// !$*UTF8*$!
{
	archiveVersion = 1;
	classes = {
	};
	objectVersion = 77;
	objects = {

/* Begin PBXBuildFile section */
		601A7C352D9F570600DEDF93 /* .gitignore in Resources */ = {isa = PBXBuildFile; fileRef = 601A7C342D9F570200DEDF93 /* .gitignore */; };
		601A7C3A2D9F638B00DEDF93 /* FirebaseAuth in Frameworks */ = {isa = PBXBuildFile; productRef = 601A7C392D9F638B00DEDF93 /* FirebaseAuth */; };
/* End PBXBuildFile section */

/* Begin PBXContainerItemProxy section */
		60C25E2B2D94CF6300A3E4A0 /* PBXContainerItemProxy */ = {
			isa = PBXContainerItemProxy;
			containerPortal = 60C25E122D94CF6200A3E4A0 /* Project object */;
			proxyType = 1;
			remoteGlobalIDString = 60C25E192D94CF6200A3E4A0;
			remoteInfo = Stamps;
		};
		60C25E352D94CF6300A3E4A0 /* PBXContainerItemProxy */ = {
			isa = PBXContainerItemProxy;
			containerPortal = 60C25E122D94CF6200A3E4A0 /* Project object */;
			proxyType = 1;
			remoteGlobalIDString = 60C25E192D94CF6200A3E4A0;
			remoteInfo = Stamps;
		};
/* End PBXContainerItemProxy section */

/* Begin PBXFileReference section */
		601A7C342D9F570200DEDF93 /* .gitignore */ = {isa = PBXFileReference; lastKnownFileType = text; path = .gitignore; sourceTree = "<group>"; };
		60C25E1A2D94CF6200A3E4A0 /* Stamps.app */ = {isa = PBXFileReference; explicitFileType = wrapper.application; includeInIndex = 0; path = Stamps.app; sourceTree = BUILT_PRODUCTS_DIR; };
		60C25E2A2D94CF6300A3E4A0 /* StampsTests.xctest */ = {isa = PBXFileReference; explicitFileType = wrapper.cfbundle; includeInIndex = 0; path = StampsTests.xctest; sourceTree = BUILT_PRODUCTS_DIR; };
		60C25E342D94CF6300A3E4A0 /* StampsUITests.xctest */ = {isa = PBXFileReference; explicitFileType = wrapper.cfbundle; includeInIndex = 0; path = StampsUITests.xctest; sourceTree = BUILT_PRODUCTS_DIR; };
/* End PBXFileReference section */

/* Begin PBXFileSystemSynchronizedBuildFileExceptionSet section */
		601A7C0D2D96010000DEDF93 /* Exceptions for "Stamps" folder in "StampsTests" target */ = {
			isa = PBXFileSystemSynchronizedBuildFileExceptionSet;
			membershipExceptions = (
				"GoogleService-Info.plist",
			);
			target = 60C25E292D94CF6300A3E4A0 /* StampsTests */;
		};
		601A7C0E2D96010000DEDF93 /* Exceptions for "Stamps" folder in "StampsUITests" target */ = {
			isa = PBXFileSystemSynchronizedBuildFileExceptionSet;
			membershipExceptions = (
				"GoogleService-Info.plist",
			);
			target = 60C25E332D94CF6300A3E4A0 /* StampsUITests */;
		};
/* End PBXFileSystemSynchronizedBuildFileExceptionSet section */

/* Begin PBXFileSystemSynchronizedRootGroup section */
		60C25E1C2D94CF6200A3E4A0 /* Stamps */ = {
			isa = PBXFileSystemSynchronizedRootGroup;
			exceptions = (
				601A7C0D2D96010000DEDF93 /* Exceptions for "Stamps" folder in "StampsTests" target */,
				601A7C0E2D96010000DEDF93 /* Exceptions for "Stamps" folder in "StampsUITests" target */,
			);
			path = Stamps;
			sourceTree = "<group>";
		};
		60C25E2D2D94CF6300A3E4A0 /* StampsTests */ = {
			isa = PBXFileSystemSynchronizedRootGroup;
			path = StampsTests;
			sourceTree = "<group>";
		};
		60C25E372D94CF6300A3E4A0 /* StampsUITests */ = {
			isa = PBXFileSystemSynchronizedRootGroup;
			path = StampsUITests;
			sourceTree = "<group>";
		};
/* End PBXFileSystemSynchronizedRootGroup section */

/* Begin PBXFrameworksBuildPhase section */
		60C25E172D94CF6200A3E4A0 /* Frameworks */ = {
			isa = PBXFrameworksBuildPhase;
			buildActionMask = 2147483647;
			files = (
				601A7C3A2D9F638B00DEDF93 /* FirebaseAuth in Frameworks */,
			);
			runOnlyForDeploymentPostprocessing = 0;
		};
		60C25E272D94CF6300A3E4A0 /* Frameworks */ = {
			isa = PBXFrameworksBuildPhase;
			buildActionMask = 2147483647;
			files = (
			);
			runOnlyForDeploymentPostprocessing = 0;
		};
		60C25E312D94CF6300A3E4A0 /* Frameworks */ = {
			isa = PBXFrameworksBuildPhase;
			buildActionMask = 2147483647;
			files = (
			);
			runOnlyForDeploymentPostprocessing = 0;
		};
/* End PBXFrameworksBuildPhase section */

/* Begin PBXGroup section */
		60C25E112D94CF6200A3E4A0 = {
			isa = PBXGroup;
			children = (
				601A7C342D9F570200DEDF93 /* .gitignore */,
				60C25E1C2D94CF6200A3E4A0 /* Stamps */,
				60C25E2D2D94CF6300A3E4A0 /* StampsTests */,
				60C25E372D94CF6300A3E4A0 /* StampsUITests */,
				60C25E1B2D94CF6200A3E4A0 /* Products */,
			);
			sourceTree = "<group>";
		};
		60C25E1B2D94CF6200A3E4A0 /* Products */ = {
			isa = PBXGroup;
			children = (
				60C25E1A2D94CF6200A3E4A0 /* Stamps.app */,
				60C25E2A2D94CF6300A3E4A0 /* StampsTests.xctest */,
				60C25E342D94CF6300A3E4A0 /* StampsUITests.xctest */,
			);
			name = Products;
			sourceTree = "<group>";
		};
/* End PBXGroup section */

/* Begin PBXNativeTarget section */
		60C25E192D94CF6200A3E4A0 /* Stamps */ = {
			isa = PBXNativeTarget;
			buildConfigurationList = 60C25E3E2D94CF6300A3E4A0 /* Build configuration list for PBXNativeTarget "Stamps" */;
			buildPhases = (
				60C25E162D94CF6200A3E4A0 /* Sources */,
				60C25E172D94CF6200A3E4A0 /* Frameworks */,
				60C25E182D94CF6200A3E4A0 /* Resources */,
			);
			buildRules = (
			);
			dependencies = (
			);
			fileSystemSynchronizedGroups = (
				60C25E1C2D94CF6200A3E4A0 /* Stamps */,
			);
			name = Stamps;
			packageProductDependencies = (
				601A7C392D9F638B00DEDF93 /* FirebaseAuth */,
			);
			productName = Stamps;
			productReference = 60C25E1A2D94CF6200A3E4A0 /* Stamps.app */;
			productType = "com.apple.product-type.application";
		};
		60C25E292D94CF6300A3E4A0 /* StampsTests */ = {
			isa = PBXNativeTarget;
			buildConfigurationList = 60C25E412D94CF6300A3E4A0 /* Build configuration list for PBXNativeTarget "StampsTests" */;
			buildPhases = (
				60C25E262D94CF6300A3E4A0 /* Sources */,
				60C25E272D94CF6300A3E4A0 /* Frameworks */,
				60C25E282D94CF6300A3E4A0 /* Resources */,
			);
			buildRules = (
			);
			dependencies = (
				60C25E2C2D94CF6300A3E4A0 /* PBXTargetDependency */,
			);
			fileSystemSynchronizedGroups = (
				60C25E2D2D94CF6300A3E4A0 /* StampsTests */,
			);
			name = StampsTests;
			packageProductDependencies = (
			);
			productName = StampsTests;
			productReference = 60C25E2A2D94CF6300A3E4A0 /* StampsTests.xctest */;
			productType = "com.apple.product-type.bundle.unit-test";
		};
		60C25E332D94CF6300A3E4A0 /* StampsUITests */ = {
			isa = PBXNativeTarget;
			buildConfigurationList = 60C25E442D94CF6300A3E4A0 /* Build configuration list for PBXNativeTarget "StampsUITests" */;
			buildPhases = (
				60C25E302D94CF6300A3E4A0 /* Sources */,
				60C25E312D94CF6300A3E4A0 /* Frameworks */,
				60C25E322D94CF6300A3E4A0 /* Resources */,
			);
			buildRules = (
			);
			dependencies = (
				60C25E362D94CF6300A3E4A0 /* PBXTargetDependency */,
			);
			fileSystemSynchronizedGroups = (
				60C25E372D94CF6300A3E4A0 /* StampsUITests */,
			);
			name = StampsUITests;
			packageProductDependencies = (
			);
			productName = StampsUITests;
			productReference = 60C25E342D94CF6300A3E4A0 /* StampsUITests.xctest */;
			productType = "com.apple.product-type.bundle.ui-testing";
		};
/* End PBXNativeTarget section */

/* Begin PBXProject section */
		60C25E122D94CF6200A3E4A0 /* Project object */ = {
			isa = PBXProject;
			attributes = {
				BuildIndependentTargetsInParallel = 1;
				LastSwiftUpdateCheck = 1620;
				LastUpgradeCheck = 1620;
				TargetAttributes = {
					60C25E192D94CF6200A3E4A0 = {
						CreatedOnToolsVersion = 16.2;
					};
					60C25E292D94CF6300A3E4A0 = {
						CreatedOnToolsVersion = 16.2;
						TestTargetID = 60C25E192D94CF6200A3E4A0;
					};
					60C25E332D94CF6300A3E4A0 = {
						CreatedOnToolsVersion = 16.2;
						TestTargetID = 60C25E192D94CF6200A3E4A0;
					};
				};
			};
			buildConfigurationList = 60C25E152D94CF6200A3E4A0 /* Build configuration list for PBXProject "Stamps" */;
			developmentRegion = en;
			hasScannedForEncodings = 0;
			knownRegions = (
				en,
				Base,
			);
			mainGroup = 60C25E112D94CF6200A3E4A0;
			minimizedProjectReferenceProxies = 1;
			packageReferences = (
				601A7C382D9F638B00DEDF93 /* XCRemoteSwiftPackageReference "firebase-ios-sdk" */,
			);
			preferredProjectObjectVersion = 77;
			productRefGroup = 60C25E1B2D94CF6200A3E4A0 /* Products */;
			projectDirPath = "";
			projectRoot = "";
			targets = (
				60C25E192D94CF6200A3E4A0 /* Stamps */,
				60C25E292D94CF6300A3E4A0 /* StampsTests */,
				60C25E332D94CF6300A3E4A0 /* StampsUITests */,
			);
		};
/* End PBXProject section */

/* Begin PBXResourcesBuildPhase section */
		60C25E182D94CF6200A3E4A0 /* Resources */ = {
			isa = PBXResourcesBuildPhase;
			buildActionMask = 2147483647;
			files = (
				601A7C352D9F570600DEDF93 /* .gitignore in Resources */,
			);
			runOnlyForDeploymentPostprocessing = 0;
		};
		60C25E282D94CF6300A3E4A0 /* Resources */ = {
			isa = PBXResourcesBuildPhase;
			buildActionMask = 2147483647;
			files = (
			);
			runOnlyForDeploymentPostprocessing = 0;
		};
		60C25E322D94CF6300A3E4A0 /* Resources */ = {
			isa = PBXResourcesBuildPhase;
			buildActionMask = 2147483647;
			files = (
			);
			runOnlyForDeploymentPostprocessing = 0;
		};
/* End PBXResourcesBuildPhase section */

/* Begin PBXSourcesBuildPhase section */
		60C25E162D94CF6200A3E4A0 /* Sources */ = {
			isa = PBXSourcesBuildPhase;
			buildActionMask = 2147483647;
			files = (
			);
			runOnlyForDeploymentPostprocessing = 0;
		};
		60C25E262D94CF6300A3E4A0 /* Sources */ = {
			isa = PBXSourcesBuildPhase;
			buildActionMask = 2147483647;
			files = (
			);
			runOnlyForDeploymentPostprocessing = 0;
		};
		60C25E302D94CF6300A3E4A0 /* Sources */ = {
			isa = PBXSourcesBuildPhase;
			buildActionMask = 2147483647;
			files = (
			);
			runOnlyForDeploymentPostprocessing = 0;
		};
/* End PBXSourcesBuildPhase section */

/* Begin PBXTargetDependency section */
		60C25E2C2D94CF6300A3E4A0 /* PBXTargetDependency */ = {
			isa = PBXTargetDependency;
			target = 60C25E192D94CF6200A3E4A0 /* Stamps */;
			targetProxy = 60C25E2B2D94CF6300A3E4A0 /* PBXContainerItemProxy */;
		};
		60C25E362D94CF6300A3E4A0 /* PBXTargetDependency */ = {
			isa = PBXTargetDependency;
			target = 60C25E192D94CF6200A3E4A0 /* Stamps */;
			targetProxy = 60C25E352D94CF6300A3E4A0 /* PBXContainerItemProxy */;
		};
/* End PBXTargetDependency section */

/* Begin XCBuildConfiguration section */
		60C25E3C2D94CF6300A3E4A0 /* Debug */ = {
			isa = XCBuildConfiguration;
			buildSettings = {
				ALWAYS_SEARCH_USER_PATHS = NO;
				ASSETCATALOG_COMPILER_GENERATE_SWIFT_ASSET_SYMBOL_EXTENSIONS = YES;
				CLANG_ANALYZER_NONNULL = YES;
				CLANG_ANALYZER_NUMBER_OBJECT_CONVERSION = YES_AGGRESSIVE;
				CLANG_CXX_LANGUAGE_STANDARD = "gnu++20";
				CLANG_ENABLE_MODULES = YES;
				CLANG_ENABLE_OBJC_ARC = YES;
				CLANG_ENABLE_OBJC_WEAK = YES;
				CLANG_WARN_BLOCK_CAPTURE_AUTORELEASING = YES;
				CLANG_WARN_BOOL_CONVERSION = YES;
				CLANG_WARN_COMMA = YES;
				CLANG_WARN_CONSTANT_CONVERSION = YES;
				CLANG_WARN_DEPRECATED_OBJC_IMPLEMENTATIONS = YES;
				CLANG_WARN_DIRECT_OBJC_ISA_USAGE = YES_ERROR;
				CLANG_WARN_DOCUMENTATION_COMMENTS = YES;
				CLANG_WARN_EMPTY_BODY = YES;
				CLANG_WARN_ENUM_CONVERSION = YES;
				CLANG_WARN_INFINITE_RECURSION = YES;
				CLANG_WARN_INT_CONVERSION = YES;
				CLANG_WARN_NON_LITERAL_NULL_CONVERSION = YES;
				CLANG_WARN_OBJC_IMPLICIT_RETAIN_SELF = YES;
				CLANG_WARN_OBJC_LITERAL_CONVERSION = YES;
				CLANG_WARN_OBJC_ROOT_CLASS = YES_ERROR;
				CLANG_WARN_QUOTED_INCLUDE_IN_FRAMEWORK_HEADER = YES;
				CLANG_WARN_RANGE_LOOP_ANALYSIS = YES;
				CLANG_WARN_STRICT_PROTOTYPES = YES;
				CLANG_WARN_SUSPICIOUS_MOVE = YES;
				CLANG_WARN_UNGUARDED_AVAILABILITY = YES_AGGRESSIVE;
				CLANG_WARN_UNREACHABLE_CODE = YES;
				CLANG_WARN__DUPLICATE_METHOD_MATCH = YES;
				COPY_PHASE_STRIP = NO;
				DEBUG_INFORMATION_FORMAT = dwarf;
				ENABLE_STRICT_OBJC_MSGSEND = YES;
				ENABLE_TESTABILITY = YES;
				ENABLE_USER_SCRIPT_SANDBOXING = YES;
				GCC_C_LANGUAGE_STANDARD = gnu17;
				GCC_DYNAMIC_NO_PIC = NO;
				GCC_NO_COMMON_BLOCKS = YES;
				GCC_OPTIMIZATION_LEVEL = 0;
				GCC_PREPROCESSOR_DEFINITIONS = (
					"DEBUG=1",
					"$(inherited)",
				);
				GCC_WARN_64_TO_32_BIT_CONVERSION = YES;
				GCC_WARN_ABOUT_RETURN_TYPE = YES_ERROR;
				GCC_WARN_UNDECLARED_SELECTOR = YES;
				GCC_WARN_UNINITIALIZED_AUTOS = YES_AGGRESSIVE;
				GCC_WARN_UNUSED_FUNCTION = YES;
				GCC_WARN_UNUSED_VARIABLE = YES;
				IPHONEOS_DEPLOYMENT_TARGET = 18.2;
				LOCALIZATION_PREFERS_STRING_CATALOGS = YES;
				MTL_ENABLE_DEBUG_INFO = INCLUDE_SOURCE;
				MTL_FAST_MATH = YES;
				ONLY_ACTIVE_ARCH = YES;
				SDKROOT = iphoneos;
				SWIFT_ACTIVE_COMPILATION_CONDITIONS = "DEBUG $(inherited)";
				SWIFT_OPTIMIZATION_LEVEL = "-Onone";
			};
			name = Debug;
		};
		60C25E3D2D94CF6300A3E4A0 /* Release */ = {
			isa = XCBuildConfiguration;
			buildSettings = {
				ALWAYS_SEARCH_USER_PATHS = NO;
				ASSETCATALOG_COMPILER_GENERATE_SWIFT_ASSET_SYMBOL_EXTENSIONS = YES;
				CLANG_ANALYZER_NONNULL = YES;
				CLANG_ANALYZER_NUMBER_OBJECT_CONVERSION = YES_AGGRESSIVE;
				CLANG_CXX_LANGUAGE_STANDARD = "gnu++20";
				CLANG_ENABLE_MODULES = YES;
				CLANG_ENABLE_OBJC_ARC = YES;
				CLANG_ENABLE_OBJC_WEAK = YES;
				CLANG_WARN_BLOCK_CAPTURE_AUTORELEASING = YES;
				CLANG_WARN_BOOL_CONVERSION = YES;
				CLANG_WARN_COMMA = YES;
				CLANG_WARN_CONSTANT_CONVERSION = YES;
				CLANG_WARN_DEPRECATED_OBJC_IMPLEMENTATIONS = YES;
				CLANG_WARN_DIRECT_OBJC_ISA_USAGE = YES_ERROR;
				CLANG_WARN_DOCUMENTATION_COMMENTS = YES;
				CLANG_WARN_EMPTY_BODY = YES;
				CLANG_WARN_ENUM_CONVERSION = YES;
				CLANG_WARN_INFINITE_RECURSION = YES;
				CLANG_WARN_INT_CONVERSION = YES;
				CLANG_WARN_NON_LITERAL_NULL_CONVERSION = YES;
				CLANG_WARN_OBJC_IMPLICIT_RETAIN_SELF = YES;
				CLANG_WARN_OBJC_LITERAL_CONVERSION = YES;
				CLANG_WARN_OBJC_ROOT_CLASS = YES_ERROR;
				CLANG_WARN_QUOTED_INCLUDE_IN_FRAMEWORK_HEADER = YES;
				CLANG_WARN_RANGE_LOOP_ANALYSIS = YES;
				CLANG_WARN_STRICT_PROTOTYPES = YES;
				CLANG_WARN_SUSPICIOUS_MOVE = YES;
				CLANG_WARN_UNGUARDED_AVAILABILITY = YES_AGGRESSIVE;
				CLANG_WARN_UNREACHABLE_CODE = YES;
				CLANG_WARN__DUPLICATE_METHOD_MATCH = YES;
				COPY_PHASE_STRIP = NO;
				DEBUG_INFORMATION_FORMAT = "dwarf-with-dsym";
				ENABLE_NS_ASSERTIONS = NO;
				ENABLE_STRICT_OBJC_MSGSEND = YES;
				ENABLE_USER_SCRIPT_SANDBOXING = YES;
				GCC_C_LANGUAGE_STANDARD = gnu17;
				GCC_NO_COMMON_BLOCKS = YES;
				GCC_WARN_64_TO_32_BIT_CONVERSION = YES;
				GCC_WARN_ABOUT_RETURN_TYPE = YES_ERROR;
				GCC_WARN_UNDECLARED_SELECTOR = YES;
				GCC_WARN_UNINITIALIZED_AUTOS = YES_AGGRESSIVE;
				GCC_WARN_UNUSED_FUNCTION = YES;
				GCC_WARN_UNUSED_VARIABLE = YES;
				IPHONEOS_DEPLOYMENT_TARGET = 18.2;
				LOCALIZATION_PREFERS_STRING_CATALOGS = YES;
				MTL_ENABLE_DEBUG_INFO = NO;
				MTL_FAST_MATH = YES;
				SDKROOT = iphoneos;
				SWIFT_COMPILATION_MODE = wholemodule;
				VALIDATE_PRODUCT = YES;
			};
			name = Release;
		};
		60C25E3F2D94CF6300A3E4A0 /* Debug */ = {
			isa = XCBuildConfiguration;
			buildSettings = {
				ASSETCATALOG_COMPILER_APPICON_NAME = AppIcon;
				ASSETCATALOG_COMPILER_GLOBAL_ACCENT_COLOR_NAME = AccentColor;
				CODE_SIGN_STYLE = Automatic;
				CURRENT_PROJECT_VERSION = 1;
				DEVELOPMENT_ASSET_PATHS = "\"Stamps/Preview Content\"";
				DEVELOPMENT_TEAM = HS764D8FV9;
				ENABLE_PREVIEWS = YES;
				GENERATE_INFOPLIST_FILE = YES;
				INFOPLIST_KEY_UIApplicationSceneManifest_Generation = YES;
				INFOPLIST_KEY_UIApplicationSupportsIndirectInputEvents = YES;
				INFOPLIST_KEY_UILaunchScreen_Generation = YES;
				INFOPLIST_KEY_UISupportedInterfaceOrientations_iPad = "UIInterfaceOrientationPortrait UIInterfaceOrientationPortraitUpsideDown UIInterfaceOrientationLandscapeLeft UIInterfaceOrientationLandscapeRight";
				INFOPLIST_KEY_UISupportedInterfaceOrientations_iPhone = "UIInterfaceOrientationPortrait UIInterfaceOrientationLandscapeLeft UIInterfaceOrientationLandscapeRight";
				LD_RUNPATH_SEARCH_PATHS = (
					"$(inherited)",
					"@executable_path/Frameworks",
				);
				MARKETING_VERSION = 1.0;
				PRODUCT_BUNDLE_IDENTIFIER = com.nicksadri.Stamps;
				PRODUCT_NAME = "$(TARGET_NAME)";
				SWIFT_EMIT_LOC_STRINGS = YES;
				SWIFT_VERSION = 5.0;
				TARGETED_DEVICE_FAMILY = "1,2";
			};
			name = Debug;
		};
		60C25E402D94CF6300A3E4A0 /* Release */ = {
			isa = XCBuildConfiguration;
			buildSettings = {
				ASSETCATALOG_COMPILER_APPICON_NAME = AppIcon;
				ASSETCATALOG_COMPILER_GLOBAL_ACCENT_COLOR_NAME = AccentColor;
				CODE_SIGN_STYLE = Automatic;
				CURRENT_PROJECT_VERSION = 1;
				DEVELOPMENT_ASSET_PATHS = "\"Stamps/Preview Content\"";
				DEVELOPMENT_TEAM = HS764D8FV9;
				ENABLE_PREVIEWS = YES;
				GENERATE_INFOPLIST_FILE = YES;
				INFOPLIST_KEY_UIApplicationSceneManifest_Generation = YES;
				INFOPLIST_KEY_UIApplicationSupportsIndirectInputEvents = YES;
				INFOPLIST_KEY_UILaunchScreen_Generation = YES;
				INFOPLIST_KEY_UISupportedInterfaceOrientations_iPad = "UIInterfaceOrientationPortrait UIInterfaceOrientationPortraitUpsideDown UIInterfaceOrientationLandscapeLeft UIInterfaceOrientationLandscapeRight";
				INFOPLIST_KEY_UISupportedInterfaceOrientations_iPhone = "UIInterfaceOrientationPortrait UIInterfaceOrientationLandscapeLeft UIInterfaceOrientationLandscapeRight";
				LD_RUNPATH_SEARCH_PATHS = (
					"$(inherited)",
					"@executable_path/Frameworks",
				);
				MARKETING_VERSION = 1.0;
				PRODUCT_BUNDLE_IDENTIFIER = com.nicksadri.Stamps;
				PRODUCT_NAME = "$(TARGET_NAME)";
				SWIFT_EMIT_LOC_STRINGS = YES;
				SWIFT_VERSION = 5.0;
				TARGETED_DEVICE_FAMILY = "1,2";
			};
			name = Release;
		};
		60C25E422D94CF6300A3E4A0 /* Debug */ = {
			isa = XCBuildConfiguration;
			buildSettings = {
				BUNDLE_LOADER = "$(TEST_HOST)";
				CODE_SIGN_STYLE = Automatic;
				CURRENT_PROJECT_VERSION = 1;
				DEVELOPMENT_TEAM = HS764D8FV9;
				GENERATE_INFOPLIST_FILE = YES;
				IPHONEOS_DEPLOYMENT_TARGET = 18.2;
				MARKETING_VERSION = 1.0;
				PRODUCT_BUNDLE_IDENTIFIER = com.nicksadri.StampsTests;
				PRODUCT_NAME = "$(TARGET_NAME)";
				SWIFT_EMIT_LOC_STRINGS = NO;
				SWIFT_VERSION = 5.0;
				TARGETED_DEVICE_FAMILY = "1,2";
				TEST_HOST = "$(BUILT_PRODUCTS_DIR)/Stamps.app/$(BUNDLE_EXECUTABLE_FOLDER_PATH)/Stamps";
			};
			name = Debug;
		};
		60C25E432D94CF6300A3E4A0 /* Release */ = {
			isa = XCBuildConfiguration;
			buildSettings = {
				BUNDLE_LOADER = "$(TEST_HOST)";
				CODE_SIGN_STYLE = Automatic;
				CURRENT_PROJECT_VERSION = 1;
				DEVELOPMENT_TEAM = HS764D8FV9;
				GENERATE_INFOPLIST_FILE = YES;
				IPHONEOS_DEPLOYMENT_TARGET = 18.2;
				MARKETING_VERSION = 1.0;
				PRODUCT_BUNDLE_IDENTIFIER = com.nicksadri.StampsTests;
				PRODUCT_NAME = "$(TARGET_NAME)";
				SWIFT_EMIT_LOC_STRINGS = NO;
				SWIFT_VERSION = 5.0;
				TARGETED_DEVICE_FAMILY = "1,2";
				TEST_HOST = "$(BUILT_PRODUCTS_DIR)/Stamps.app/$(BUNDLE_EXECUTABLE_FOLDER_PATH)/Stamps";
			};
			name = Release;
		};
		60C25E452D94CF6300A3E4A0 /* Debug */ = {
			isa = XCBuildConfiguration;
			buildSettings = {
				CODE_SIGN_STYLE = Automatic;
				CURRENT_PROJECT_VERSION = 1;
				DEVELOPMENT_TEAM = HS764D8FV9;
				GENERATE_INFOPLIST_FILE = YES;
				MARKETING_VERSION = 1.0;
				PRODUCT_BUNDLE_IDENTIFIER = com.nicksadri.StampsUITests;
				PRODUCT_NAME = "$(TARGET_NAME)";
				SWIFT_EMIT_LOC_STRINGS = NO;
				SWIFT_VERSION = 5.0;
				TARGETED_DEVICE_FAMILY = "1,2";
				TEST_TARGET_NAME = Stamps;
			};
			name = Debug;
		};
		60C25E462D94CF6300A3E4A0 /* Release */ = {
			isa = XCBuildConfiguration;
			buildSettings = {
				CODE_SIGN_STYLE = Automatic;
				CURRENT_PROJECT_VERSION = 1;
				DEVELOPMENT_TEAM = HS764D8FV9;
				GENERATE_INFOPLIST_FILE = YES;
				MARKETING_VERSION = 1.0;
				PRODUCT_BUNDLE_IDENTIFIER = com.nicksadri.StampsUITests;
				PRODUCT_NAME = "$(TARGET_NAME)";
				SWIFT_EMIT_LOC_STRINGS = NO;
				SWIFT_VERSION = 5.0;
				TARGETED_DEVICE_FAMILY = "1,2";
				TEST_TARGET_NAME = Stamps;
			};
			name = Release;
		};
/* End XCBuildConfiguration section */

/* Begin XCConfigurationList section */
		60C25E152D94CF6200A3E4A0 /* Build configuration list for PBXProject "Stamps" */ = {
			isa = XCConfigurationList;
			buildConfigurations = (
				60C25E3C2D94CF6300A3E4A0 /* Debug */,
				60C25E3D2D94CF6300A3E4A0 /* Release */,
			);
			defaultConfigurationIsVisible = 0;
			defaultConfigurationName = Release;
		};
		60C25E3E2D94CF6300A3E4A0 /* Build configuration list for PBXNativeTarget "Stamps" */ = {
			isa = XCConfigurationList;
			buildConfigurations = (
				60C25E3F2D94CF6300A3E4A0 /* Debug */,
				60C25E402D94CF6300A3E4A0 /* Release */,
			);
			defaultConfigurationIsVisible = 0;
			defaultConfigurationName = Release;
		};
		60C25E412D94CF6300A3E4A0 /* Build configuration list for PBXNativeTarget "StampsTests" */ = {
			isa = XCConfigurationList;
			buildConfigurations = (
				60C25E422D94CF6300A3E4A0 /* Debug */,
				60C25E432D94CF6300A3E4A0 /* Release */,
			);
			defaultConfigurationIsVisible = 0;
			defaultConfigurationName = Release;
		};
		60C25E442D94CF6300A3E4A0 /* Build configuration list for PBXNativeTarget "StampsUITests" */ = {
			isa = XCConfigurationList;
			buildConfigurations = (
				60C25E452D94CF6300A3E4A0 /* Debug */,
				60C25E462D94CF6300A3E4A0 /* Release */,
			);
			defaultConfigurationIsVisible = 0;
			defaultConfigurationName = Release;
		};
/* End XCConfigurationList section */

/* Begin XCRemoteSwiftPackageReference section */
		601A7C382D9F638B00DEDF93 /* XCRemoteSwiftPackageReference "firebase-ios-sdk" */ = {
			isa = XCRemoteSwiftPackageReference;
			repositoryURL = "https://github.com/firebase/firebase-ios-sdk";
			requirement = {
				kind = upToNextMajorVersion;
				minimumVersion = 11.11.0;
			};
		};
/* End XCRemoteSwiftPackageReference section */

/* Begin XCSwiftPackageProductDependency section */
		601A7C392D9F638B00DEDF93 /* FirebaseAuth */ = {
			isa = XCSwiftPackageProductDependency;
			package = 601A7C382D9F638B00DEDF93 /* XCRemoteSwiftPackageReference "firebase-ios-sdk" */;
			productName = FirebaseAuth;
		};
/* End XCSwiftPackageProductDependency section */
	};
	rootObject = 60C25E122D94CF6200A3E4A0 /* Project object */;
}
